// !$*UTF8*$!
{
	archiveVersion = 1;
	classes = {
	};
	objectVersion = 55;
	objects = {

/* Begin PBXBuildFile section */
		3206748D2ACDA54500D76393 /* NewToDoCell.swift in Sources */ = {isa = PBXBuildFile; fileRef = 3206748C2ACDA54500D76393 /* NewToDoCell.swift */; };
		32198CCA2ACA041D00CBA7F5 /* MainView.swift in Sources */ = {isa = PBXBuildFile; fileRef = 32198CC92ACA041D00CBA7F5 /* MainView.swift */; };
		321991212ACC688C00C52B41 /* TasksListTableViewController.swift in Sources */ = {isa = PBXBuildFile; fileRef = 321991202ACC688C00C52B41 /* TasksListTableViewController.swift */; };
		321991232ACC71A700C52B41 /* TasksListHeader.swift in Sources */ = {isa = PBXBuildFile; fileRef = 321991222ACC71A700C52B41 /* TasksListHeader.swift */; };
		321991252ACC826400C52B41 /* ToDoListCell.swift in Sources */ = {isa = PBXBuildFile; fileRef = 321991242ACC826400C52B41 /* ToDoListCell.swift */; };
		325C6D292AD99CD300FF6308 /* AddButton.swift in Sources */ = {isa = PBXBuildFile; fileRef = 325C6D282AD99CD300FF6308 /* AddButton.swift */; };
		3265BCFE2ABF6EDC00A693A3 /* WithoutTableViewView.swift in Sources */ = {isa = PBXBuildFile; fileRef = 3265BCFD2ABF6EDC00A693A3 /* WithoutTableViewView.swift */; };
		32760BC62AC0DB2E00583E88 /* NewTaskTableViewController.swift in Sources */ = {isa = PBXBuildFile; fileRef = 32760BC52AC0DB2E00583E88 /* NewTaskTableViewController.swift */; };
		32760BC92AC0E2E300583E88 /* TextViewCell.swift in Sources */ = {isa = PBXBuildFile; fileRef = 32760BC82AC0E2E300583E88 /* TextViewCell.swift */; };
		3277AD3C2AC1C72F000F7ABA /* ImportanceCell.swift in Sources */ = {isa = PBXBuildFile; fileRef = 3277AD3B2AC1C72F000F7ABA /* ImportanceCell.swift */; };
		3277AD3E2AC1DEB9000F7ABA /* DeadlineCell.swift in Sources */ = {isa = PBXBuildFile; fileRef = 3277AD3D2AC1DEB9000F7ABA /* DeadlineCell.swift */; };
		3277AD402AC1E838000F7ABA /* DatePickerCell.swift in Sources */ = {isa = PBXBuildFile; fileRef = 3277AD3F2AC1E838000F7ABA /* DatePickerCell.swift */; };
		3277AD422AC201F9000F7ABA /* DeleteButtonCell.swift in Sources */ = {isa = PBXBuildFile; fileRef = 3277AD412AC201F9000F7ABA /* DeleteButtonCell.swift */; };
		327891342ACB2BA900C475A9 /* WithoutTableViewVC.swift in Sources */ = {isa = PBXBuildFile; fileRef = 327891332ACB2BA900C475A9 /* WithoutTableViewVC.swift */; };
		3279C4042ADB55C300E8CBB6 /* ContextMenuActions.swift in Sources */ = {isa = PBXBuildFile; fileRef = 3279C4032ADB55C300E8CBB6 /* ContextMenuActions.swift */; };
		328C924D2AD892B10013E78B /* Images.swift in Sources */ = {isa = PBXBuildFile; fileRef = 328C924C2AD892B10013E78B /* Images.swift */; };
		328C924F2AD892BD0013E78B /* Colors.swift in Sources */ = {isa = PBXBuildFile; fileRef = 328C924E2AD892BD0013E78B /* Colors.swift */; };
		840EC1212AB758F3002F4C8A /* FileCache.swift in Sources */ = {isa = PBXBuildFile; fileRef = 840EC1202AB758F3002F4C8A /* FileCache.swift */; };
		847A3B072ABE380600F7F608 /* MainTaskViewController.swift in Sources */ = {isa = PBXBuildFile; fileRef = 847A3B062ABE380600F7F608 /* MainTaskViewController.swift */; };
		848082B52AB630FA004239AE /* AppDelegate.swift in Sources */ = {isa = PBXBuildFile; fileRef = 848082B42AB630FA004239AE /* AppDelegate.swift */; };
		848082B72AB630FA004239AE /* SceneDelegate.swift in Sources */ = {isa = PBXBuildFile; fileRef = 848082B62AB630FA004239AE /* SceneDelegate.swift */; };
		848082BE2AB63101004239AE /* Assets.xcassets in Resources */ = {isa = PBXBuildFile; fileRef = 848082BD2AB63101004239AE /* Assets.xcassets */; };
		848082C12AB63101004239AE /* LaunchScreen.storyboard in Resources */ = {isa = PBXBuildFile; fileRef = 848082BF2AB63101004239AE /* LaunchScreen.storyboard */; };
		8493C4142ABE02CE00375877 /* Date extension.swift in Sources */ = {isa = PBXBuildFile; fileRef = 8493C4132ABE02CE00375877 /* Date extension.swift */; };
		849C63A12AB634DB00E7C3C3 /* ToDoItem.swift in Sources */ = {isa = PBXBuildFile; fileRef = 849C63A02AB634DB00E7C3C3 /* ToDoItem.swift */; };
/* End PBXBuildFile section */

/* Begin PBXFileReference section */
		3206748C2ACDA54500D76393 /* NewToDoCell.swift */ = {isa = PBXFileReference; lastKnownFileType = sourcecode.swift; path = NewToDoCell.swift; sourceTree = "<group>"; };
		32198CC92ACA041D00CBA7F5 /* MainView.swift */ = {isa = PBXFileReference; lastKnownFileType = sourcecode.swift; path = MainView.swift; sourceTree = "<group>"; };
		321991202ACC688C00C52B41 /* TasksListTableViewController.swift */ = {isa = PBXFileReference; lastKnownFileType = sourcecode.swift; path = TasksListTableViewController.swift; sourceTree = "<group>"; };
		321991222ACC71A700C52B41 /* TasksListHeader.swift */ = {isa = PBXFileReference; lastKnownFileType = sourcecode.swift; path = TasksListHeader.swift; sourceTree = "<group>"; };
		321991242ACC826400C52B41 /* ToDoListCell.swift */ = {isa = PBXFileReference; lastKnownFileType = sourcecode.swift; path = ToDoListCell.swift; sourceTree = "<group>"; };
		325C6D282AD99CD300FF6308 /* AddButton.swift */ = {isa = PBXFileReference; lastKnownFileType = sourcecode.swift; path = AddButton.swift; sourceTree = "<group>"; };
		3265BCFD2ABF6EDC00A693A3 /* WithoutTableViewView.swift */ = {isa = PBXFileReference; lastKnownFileType = sourcecode.swift; path = WithoutTableViewView.swift; sourceTree = "<group>"; };
		32760BC52AC0DB2E00583E88 /* NewTaskTableViewController.swift */ = {isa = PBXFileReference; lastKnownFileType = sourcecode.swift; path = NewTaskTableViewController.swift; sourceTree = "<group>"; };
		32760BC82AC0E2E300583E88 /* TextViewCell.swift */ = {isa = PBXFileReference; lastKnownFileType = sourcecode.swift; path = TextViewCell.swift; sourceTree = "<group>"; };
		3277AD3B2AC1C72F000F7ABA /* ImportanceCell.swift */ = {isa = PBXFileReference; lastKnownFileType = sourcecode.swift; path = ImportanceCell.swift; sourceTree = "<group>"; };
		3277AD3D2AC1DEB9000F7ABA /* DeadlineCell.swift */ = {isa = PBXFileReference; lastKnownFileType = sourcecode.swift; path = DeadlineCell.swift; sourceTree = "<group>"; };
		3277AD3F2AC1E838000F7ABA /* DatePickerCell.swift */ = {isa = PBXFileReference; lastKnownFileType = sourcecode.swift; path = DatePickerCell.swift; sourceTree = "<group>"; };
		3277AD412AC201F9000F7ABA /* DeleteButtonCell.swift */ = {isa = PBXFileReference; lastKnownFileType = sourcecode.swift; path = DeleteButtonCell.swift; sourceTree = "<group>"; };
		327891332ACB2BA900C475A9 /* WithoutTableViewVC.swift */ = {isa = PBXFileReference; lastKnownFileType = sourcecode.swift; path = WithoutTableViewVC.swift; sourceTree = "<group>"; };
		3279C4032ADB55C300E8CBB6 /* ContextMenuActions.swift */ = {isa = PBXFileReference; lastKnownFileType = sourcecode.swift; path = ContextMenuActions.swift; sourceTree = "<group>"; };
		328C924C2AD892B10013E78B /* Images.swift */ = {isa = PBXFileReference; lastKnownFileType = sourcecode.swift; path = Images.swift; sourceTree = "<group>"; };
		328C924E2AD892BD0013E78B /* Colors.swift */ = {isa = PBXFileReference; lastKnownFileType = sourcecode.swift; path = Colors.swift; sourceTree = "<group>"; };
		840EC1202AB758F3002F4C8A /* FileCache.swift */ = {isa = PBXFileReference; lastKnownFileType = sourcecode.swift; path = FileCache.swift; sourceTree = "<group>"; };
		847A3B062ABE380600F7F608 /* MainTaskViewController.swift */ = {isa = PBXFileReference; lastKnownFileType = sourcecode.swift; path = MainTaskViewController.swift; sourceTree = "<group>"; };
		848082B12AB630FA004239AE /* Yandex ToDo LIst.app */ = {isa = PBXFileReference; explicitFileType = wrapper.application; includeInIndex = 0; path = "Yandex ToDo LIst.app"; sourceTree = BUILT_PRODUCTS_DIR; };
		848082B42AB630FA004239AE /* AppDelegate.swift */ = {isa = PBXFileReference; lastKnownFileType = sourcecode.swift; path = AppDelegate.swift; sourceTree = "<group>"; };
		848082B62AB630FA004239AE /* SceneDelegate.swift */ = {isa = PBXFileReference; lastKnownFileType = sourcecode.swift; path = SceneDelegate.swift; sourceTree = "<group>"; };
		848082BD2AB63101004239AE /* Assets.xcassets */ = {isa = PBXFileReference; lastKnownFileType = folder.assetcatalog; path = Assets.xcassets; sourceTree = "<group>"; };
		848082C02AB63101004239AE /* Base */ = {isa = PBXFileReference; lastKnownFileType = file.storyboard; name = Base; path = Base.lproj/LaunchScreen.storyboard; sourceTree = "<group>"; };
		848082C22AB63101004239AE /* Info.plist */ = {isa = PBXFileReference; lastKnownFileType = text.plist.xml; path = Info.plist; sourceTree = "<group>"; };
		8493C4132ABE02CE00375877 /* Date extension.swift */ = {isa = PBXFileReference; lastKnownFileType = sourcecode.swift; path = "Date extension.swift"; sourceTree = "<group>"; };
		849C63A02AB634DB00E7C3C3 /* ToDoItem.swift */ = {isa = PBXFileReference; lastKnownFileType = sourcecode.swift; path = ToDoItem.swift; sourceTree = "<group>"; };
/* End PBXFileReference section */

/* Begin PBXFrameworksBuildPhase section */
		848082AE2AB630FA004239AE /* Frameworks */ = {
			isa = PBXFrameworksBuildPhase;
			buildActionMask = 2147483647;
			files = (
			);
			runOnlyForDeploymentPostprocessing = 0;
		};
/* End PBXFrameworksBuildPhase section */

/* Begin PBXGroup section */
		32198CC72ACA021E00CBA7F5 /* Views */ = {
			isa = PBXGroup;
			children = (
				32198CC82ACA024C00CBA7F5 /* Cells */,
			);
			path = Views;
			sourceTree = "<group>";
		};
		32198CC82ACA024C00CBA7F5 /* Cells */ = {
			isa = PBXGroup;
			children = (
			);
			path = Cells;
			sourceTree = "<group>";
		};
		3265BCFC2ABF377B00A693A3 /* Views */ = {
			isa = PBXGroup;
			children = (
				325C6D282AD99CD300FF6308 /* AddButton.swift */,
				321991222ACC71A700C52B41 /* TasksListHeader.swift */,
				3279C4032ADB55C300E8CBB6 /* ContextMenuActions.swift */,
				32760BC72AC0E2AA00583E88 /* Cells */,
			);
			path = Views;
			sourceTree = "<group>";
		};
		32760BC42AC0DAF400583E88 /* BackUpPlan */ = {
			isa = PBXGroup;
			children = (
				327891322ACB28BA00C475A9 /* Controllers */,
				32198CC72ACA021E00CBA7F5 /* Views */,
				32198CC92ACA041D00CBA7F5 /* MainView.swift */,
				3265BCFD2ABF6EDC00A693A3 /* WithoutTableViewView.swift */,
			);
			path = BackUpPlan;
			sourceTree = "<group>";
		};
		32760BC72AC0E2AA00583E88 /* Cells */ = {
			isa = PBXGroup;
			children = (
				32760BC82AC0E2E300583E88 /* TextViewCell.swift */,
				3277AD3B2AC1C72F000F7ABA /* ImportanceCell.swift */,
				3277AD3D2AC1DEB9000F7ABA /* DeadlineCell.swift */,
				3277AD3F2AC1E838000F7ABA /* DatePickerCell.swift */,
				3277AD412AC201F9000F7ABA /* DeleteButtonCell.swift */,
				321991242ACC826400C52B41 /* ToDoListCell.swift */,
				3206748C2ACDA54500D76393 /* NewToDoCell.swift */,
			);
			path = Cells;
			sourceTree = "<group>";
		};
		327891322ACB28BA00C475A9 /* Controllers */ = {
			isa = PBXGroup;
			children = (
				847A3B062ABE380600F7F608 /* MainTaskViewController.swift */,
				327891332ACB2BA900C475A9 /* WithoutTableViewVC.swift */,
			);
			path = Controllers;
			sourceTree = "<group>";
		};
		328C92492AD892930013E78B /* Constants */ = {
			isa = PBXGroup;
			children = (
				328C924B2AD892A40013E78B /* Images */,
				328C924A2AD8929E0013E78B /* Colors */,
			);
			path = Constants;
			sourceTree = "<group>";
		};
		328C924A2AD8929E0013E78B /* Colors */ = {
			isa = PBXGroup;
			children = (
				328C924E2AD892BD0013E78B /* Colors.swift */,
			);
			path = Colors;
			sourceTree = "<group>";
		};
		328C924B2AD892A40013E78B /* Images */ = {
			isa = PBXGroup;
			children = (
				328C924C2AD892B10013E78B /* Images.swift */,
			);
			path = Images;
			sourceTree = "<group>";
		};
		848082A82AB630FA004239AE = {
			isa = PBXGroup;
			children = (
				848082B32AB630FA004239AE /* Yandex ToDo LIst */,
				848082B22AB630FA004239AE /* Products */,
			);
			sourceTree = "<group>";
		};
		848082B22AB630FA004239AE /* Products */ = {
			isa = PBXGroup;
			children = (
				848082B12AB630FA004239AE /* Yandex ToDo LIst.app */,
			);
			name = Products;
			sourceTree = "<group>";
		};
		848082B32AB630FA004239AE /* Yandex ToDo LIst */ = {
			isa = PBXGroup;
			children = (
				848082C92AB6318A004239AE /* Aplication */,
				848082CA2AB631CE004239AE /* Controllers */,
				328C92492AD892930013E78B /* Constants */,
				3265BCFC2ABF377B00A693A3 /* Views */,
				849C639F2AB634CC00E7C3C3 /* Model */,
				8493C4122ABE028A00375877 /* Extencions */,
				848082C82AB63157004239AE /* Resourses */,
				32760BC42AC0DAF400583E88 /* BackUpPlan */,
			);
			path = "Yandex ToDo LIst";
			sourceTree = "<group>";
		};
		848082C82AB63157004239AE /* Resourses */ = {
			isa = PBXGroup;
			children = (
				848082BD2AB63101004239AE /* Assets.xcassets */,
				848082BF2AB63101004239AE /* LaunchScreen.storyboard */,
				848082C22AB63101004239AE /* Info.plist */,
			);
			path = Resourses;
			sourceTree = "<group>";
		};
		848082C92AB6318A004239AE /* Aplication */ = {
			isa = PBXGroup;
			children = (
				848082B42AB630FA004239AE /* AppDelegate.swift */,
				848082B62AB630FA004239AE /* SceneDelegate.swift */,
			);
			path = Aplication;
			sourceTree = "<group>";
		};
		848082CA2AB631CE004239AE /* Controllers */ = {
			isa = PBXGroup;
			children = (
				321991202ACC688C00C52B41 /* TasksListTableViewController.swift */,
				32760BC52AC0DB2E00583E88 /* NewTaskTableViewController.swift */,
			);
			path = Controllers;
			sourceTree = "<group>";
		};
		8493C4122ABE028A00375877 /* Extencions */ = {
			isa = PBXGroup;
			children = (
				8493C4132ABE02CE00375877 /* Date extension.swift */,
			);
			path = Extencions;
			sourceTree = "<group>";
		};
		849C639F2AB634CC00E7C3C3 /* Model */ = {
			isa = PBXGroup;
			children = (
				849C63A02AB634DB00E7C3C3 /* ToDoItem.swift */,
				840EC1202AB758F3002F4C8A /* FileCache.swift */,
			);
			path = Model;
			sourceTree = "<group>";
		};
/* End PBXGroup section */

/* Begin PBXNativeTarget section */
		848082B02AB630FA004239AE /* Yandex ToDo LIst */ = {
			isa = PBXNativeTarget;
			buildConfigurationList = 848082C52AB63101004239AE /* Build configuration list for PBXNativeTarget "Yandex ToDo LIst" */;
			buildPhases = (
				848082AD2AB630FA004239AE /* Sources */,
				848082AE2AB630FA004239AE /* Frameworks */,
				848082AF2AB630FA004239AE /* Resources */,
			);
			buildRules = (
			);
			dependencies = (
			);
			name = "Yandex ToDo LIst";
			productName = "Yandex ToDo LIst";
			productReference = 848082B12AB630FA004239AE /* Yandex ToDo LIst.app */;
			productType = "com.apple.product-type.application";
		};
/* End PBXNativeTarget section */

/* Begin PBXProject section */
		848082A92AB630FA004239AE /* Project object */ = {
			isa = PBXProject;
			attributes = {
				BuildIndependentTargetsInParallel = 1;
				LastSwiftUpdateCheck = 1340;
				LastUpgradeCheck = 1340;
				TargetAttributes = {
					848082B02AB630FA004239AE = {
						CreatedOnToolsVersion = 13.4.1;
					};
				};
			};
			buildConfigurationList = 848082AC2AB630FA004239AE /* Build configuration list for PBXProject "Yandex ToDo LIst" */;
			compatibilityVersion = "Xcode 13.0";
			developmentRegion = en;
			hasScannedForEncodings = 0;
			knownRegions = (
				en,
				Base,
			);
			mainGroup = 848082A82AB630FA004239AE;
			productRefGroup = 848082B22AB630FA004239AE /* Products */;
			projectDirPath = "";
			projectRoot = "";
			targets = (
				848082B02AB630FA004239AE /* Yandex ToDo LIst */,
			);
		};
/* End PBXProject section */

/* Begin PBXResourcesBuildPhase section */
		848082AF2AB630FA004239AE /* Resources */ = {
			isa = PBXResourcesBuildPhase;
			buildActionMask = 2147483647;
			files = (
				848082C12AB63101004239AE /* LaunchScreen.storyboard in Resources */,
				848082BE2AB63101004239AE /* Assets.xcassets in Resources */,
			);
			runOnlyForDeploymentPostprocessing = 0;
		};
/* End PBXResourcesBuildPhase section */

/* Begin PBXSourcesBuildPhase section */
		848082AD2AB630FA004239AE /* Sources */ = {
			isa = PBXSourcesBuildPhase;
			buildActionMask = 2147483647;
			files = (
				32760BC92AC0E2E300583E88 /* TextViewCell.swift in Sources */,
				32198CCA2ACA041D00CBA7F5 /* MainView.swift in Sources */,
				3277AD402AC1E838000F7ABA /* DatePickerCell.swift in Sources */,
				3206748D2ACDA54500D76393 /* NewToDoCell.swift in Sources */,
				8493C4142ABE02CE00375877 /* Date extension.swift in Sources */,
				3265BCFE2ABF6EDC00A693A3 /* WithoutTableViewView.swift in Sources */,
				849C63A12AB634DB00E7C3C3 /* ToDoItem.swift in Sources */,
				848082B52AB630FA004239AE /* AppDelegate.swift in Sources */,
				3277AD422AC201F9000F7ABA /* DeleteButtonCell.swift in Sources */,
				840EC1212AB758F3002F4C8A /* FileCache.swift in Sources */,
				328C924F2AD892BD0013E78B /* Colors.swift in Sources */,
				848082B72AB630FA004239AE /* SceneDelegate.swift in Sources */,
				3279C4042ADB55C300E8CBB6 /* ContextMenuActions.swift in Sources */,
				3277AD3E2AC1DEB9000F7ABA /* DeadlineCell.swift in Sources */,
				321991252ACC826400C52B41 /* ToDoListCell.swift in Sources */,
				327891342ACB2BA900C475A9 /* WithoutTableViewVC.swift in Sources */,
				32760BC62AC0DB2E00583E88 /* NewTaskTableViewController.swift in Sources */,
				847A3B072ABE380600F7F608 /* MainTaskViewController.swift in Sources */,
				325C6D292AD99CD300FF6308 /* AddButton.swift in Sources */,
				321991212ACC688C00C52B41 /* TasksListTableViewController.swift in Sources */,
				328C924D2AD892B10013E78B /* Images.swift in Sources */,
				3277AD3C2AC1C72F000F7ABA /* ImportanceCell.swift in Sources */,
				321991232ACC71A700C52B41 /* TasksListHeader.swift in Sources */,
			);
			runOnlyForDeploymentPostprocessing = 0;
		};
/* End PBXSourcesBuildPhase section */

/* Begin PBXVariantGroup section */
		848082BF2AB63101004239AE /* LaunchScreen.storyboard */ = {
			isa = PBXVariantGroup;
			children = (
				848082C02AB63101004239AE /* Base */,
			);
			name = LaunchScreen.storyboard;
			sourceTree = "<group>";
		};
/* End PBXVariantGroup section */

/* Begin XCBuildConfiguration section */
		848082C32AB63101004239AE /* Debug */ = {
			isa = XCBuildConfiguration;
			buildSettings = {
				ALWAYS_SEARCH_USER_PATHS = NO;
				CLANG_ANALYZER_NONNULL = YES;
				CLANG_ANALYZER_NUMBER_OBJECT_CONVERSION = YES_AGGRESSIVE;
				CLANG_CXX_LANGUAGE_STANDARD = "gnu++17";
				CLANG_ENABLE_MODULES = YES;
				CLANG_ENABLE_OBJC_ARC = YES;
				CLANG_ENABLE_OBJC_WEAK = YES;
				CLANG_WARN_BLOCK_CAPTURE_AUTORELEASING = YES;
				CLANG_WARN_BOOL_CONVERSION = YES;
				CLANG_WARN_COMMA = YES;
				CLANG_WARN_CONSTANT_CONVERSION = YES;
				CLANG_WARN_DEPRECATED_OBJC_IMPLEMENTATIONS = YES;
				CLANG_WARN_DIRECT_OBJC_ISA_USAGE = YES_ERROR;
				CLANG_WARN_DOCUMENTATION_COMMENTS = YES;
				CLANG_WARN_EMPTY_BODY = YES;
				CLANG_WARN_ENUM_CONVERSION = YES;
				CLANG_WARN_INFINITE_RECURSION = YES;
				CLANG_WARN_INT_CONVERSION = YES;
				CLANG_WARN_NON_LITERAL_NULL_CONVERSION = YES;
				CLANG_WARN_OBJC_IMPLICIT_RETAIN_SELF = YES;
				CLANG_WARN_OBJC_LITERAL_CONVERSION = YES;
				CLANG_WARN_OBJC_ROOT_CLASS = YES_ERROR;
				CLANG_WARN_QUOTED_INCLUDE_IN_FRAMEWORK_HEADER = YES;
				CLANG_WARN_RANGE_LOOP_ANALYSIS = YES;
				CLANG_WARN_STRICT_PROTOTYPES = YES;
				CLANG_WARN_SUSPICIOUS_MOVE = YES;
				CLANG_WARN_UNGUARDED_AVAILABILITY = YES_AGGRESSIVE;
				CLANG_WARN_UNREACHABLE_CODE = YES;
				CLANG_WARN__DUPLICATE_METHOD_MATCH = YES;
				COPY_PHASE_STRIP = NO;
				DEBUG_INFORMATION_FORMAT = dwarf;
				ENABLE_STRICT_OBJC_MSGSEND = YES;
				ENABLE_TESTABILITY = YES;
				GCC_C_LANGUAGE_STANDARD = gnu11;
				GCC_DYNAMIC_NO_PIC = NO;
				GCC_NO_COMMON_BLOCKS = YES;
				GCC_OPTIMIZATION_LEVEL = 0;
				GCC_PREPROCESSOR_DEFINITIONS = (
					"DEBUG=1",
					"$(inherited)",
				);
				GCC_WARN_64_TO_32_BIT_CONVERSION = YES;
				GCC_WARN_ABOUT_RETURN_TYPE = YES_ERROR;
				GCC_WARN_UNDECLARED_SELECTOR = YES;
				GCC_WARN_UNINITIALIZED_AUTOS = YES_AGGRESSIVE;
				GCC_WARN_UNUSED_FUNCTION = YES;
				GCC_WARN_UNUSED_VARIABLE = YES;
				IPHONEOS_DEPLOYMENT_TARGET = 15.5;
				MTL_ENABLE_DEBUG_INFO = INCLUDE_SOURCE;
				MTL_FAST_MATH = YES;
				ONLY_ACTIVE_ARCH = YES;
				SDKROOT = iphoneos;
				SWIFT_ACTIVE_COMPILATION_CONDITIONS = DEBUG;
				SWIFT_OPTIMIZATION_LEVEL = "-Onone";
			};
			name = Debug;
		};
		848082C42AB63101004239AE /* Release */ = {
			isa = XCBuildConfiguration;
			buildSettings = {
				ALWAYS_SEARCH_USER_PATHS = NO;
				CLANG_ANALYZER_NONNULL = YES;
				CLANG_ANALYZER_NUMBER_OBJECT_CONVERSION = YES_AGGRESSIVE;
				CLANG_CXX_LANGUAGE_STANDARD = "gnu++17";
				CLANG_ENABLE_MODULES = YES;
				CLANG_ENABLE_OBJC_ARC = YES;
				CLANG_ENABLE_OBJC_WEAK = YES;
				CLANG_WARN_BLOCK_CAPTURE_AUTORELEASING = YES;
				CLANG_WARN_BOOL_CONVERSION = YES;
				CLANG_WARN_COMMA = YES;
				CLANG_WARN_CONSTANT_CONVERSION = YES;
				CLANG_WARN_DEPRECATED_OBJC_IMPLEMENTATIONS = YES;
				CLANG_WARN_DIRECT_OBJC_ISA_USAGE = YES_ERROR;
				CLANG_WARN_DOCUMENTATION_COMMENTS = YES;
				CLANG_WARN_EMPTY_BODY = YES;
				CLANG_WARN_ENUM_CONVERSION = YES;
				CLANG_WARN_INFINITE_RECURSION = YES;
				CLANG_WARN_INT_CONVERSION = YES;
				CLANG_WARN_NON_LITERAL_NULL_CONVERSION = YES;
				CLANG_WARN_OBJC_IMPLICIT_RETAIN_SELF = YES;
				CLANG_WARN_OBJC_LITERAL_CONVERSION = YES;
				CLANG_WARN_OBJC_ROOT_CLASS = YES_ERROR;
				CLANG_WARN_QUOTED_INCLUDE_IN_FRAMEWORK_HEADER = YES;
				CLANG_WARN_RANGE_LOOP_ANALYSIS = YES;
				CLANG_WARN_STRICT_PROTOTYPES = YES;
				CLANG_WARN_SUSPICIOUS_MOVE = YES;
				CLANG_WARN_UNGUARDED_AVAILABILITY = YES_AGGRESSIVE;
				CLANG_WARN_UNREACHABLE_CODE = YES;
				CLANG_WARN__DUPLICATE_METHOD_MATCH = YES;
				COPY_PHASE_STRIP = NO;
				DEBUG_INFORMATION_FORMAT = "dwarf-with-dsym";
				ENABLE_NS_ASSERTIONS = NO;
				ENABLE_STRICT_OBJC_MSGSEND = YES;
				GCC_C_LANGUAGE_STANDARD = gnu11;
				GCC_NO_COMMON_BLOCKS = YES;
				GCC_WARN_64_TO_32_BIT_CONVERSION = YES;
				GCC_WARN_ABOUT_RETURN_TYPE = YES_ERROR;
				GCC_WARN_UNDECLARED_SELECTOR = YES;
				GCC_WARN_UNINITIALIZED_AUTOS = YES_AGGRESSIVE;
				GCC_WARN_UNUSED_FUNCTION = YES;
				GCC_WARN_UNUSED_VARIABLE = YES;
				IPHONEOS_DEPLOYMENT_TARGET = 15.5;
				MTL_ENABLE_DEBUG_INFO = NO;
				MTL_FAST_MATH = YES;
				SDKROOT = iphoneos;
				SWIFT_COMPILATION_MODE = wholemodule;
				SWIFT_OPTIMIZATION_LEVEL = "-O";
				VALIDATE_PRODUCT = YES;
			};
			name = Release;
		};
		848082C62AB63101004239AE /* Debug */ = {
			isa = XCBuildConfiguration;
			buildSettings = {
				ASSETCATALOG_COMPILER_APPICON_NAME = AppIcon;
				ASSETCATALOG_COMPILER_GLOBAL_ACCENT_COLOR_NAME = AccentColor;
				CODE_SIGN_STYLE = Automatic;
				CURRENT_PROJECT_VERSION = 1;
				GENERATE_INFOPLIST_FILE = YES;
				INFOPLIST_FILE = "Yandex ToDo LIst/Resourses/Info.plist";
				INFOPLIST_KEY_UIApplicationSupportsIndirectInputEvents = YES;
				INFOPLIST_KEY_UILaunchStoryboardName = LaunchScreen;
				INFOPLIST_KEY_UISupportedInterfaceOrientations_iPad = "UIInterfaceOrientationPortrait UIInterfaceOrientationPortraitUpsideDown UIInterfaceOrientationLandscapeLeft UIInterfaceOrientationLandscapeRight";
				INFOPLIST_KEY_UISupportedInterfaceOrientations_iPhone = "UIInterfaceOrientationPortrait UIInterfaceOrientationLandscapeLeft UIInterfaceOrientationLandscapeRight";
				LD_RUNPATH_SEARCH_PATHS = (
					"$(inherited)",
					"@executable_path/Frameworks",
				);
				MARKETING_VERSION = 1.0;
				PRODUCT_BUNDLE_IDENTIFIER = "com.example.Yandex-ToDo-LIst";
				PRODUCT_NAME = "$(TARGET_NAME)";
				SWIFT_EMIT_LOC_STRINGS = YES;
				SWIFT_VERSION = 5.0;
				TARGETED_DEVICE_FAMILY = "1,2";
			};
			name = Debug;
		};
		848082C72AB63101004239AE /* Release */ = {
			isa = XCBuildConfiguration;
			buildSettings = {
				ASSETCATALOG_COMPILER_APPICON_NAME = AppIcon;
				ASSETCATALOG_COMPILER_GLOBAL_ACCENT_COLOR_NAME = AccentColor;
				CODE_SIGN_STYLE = Automatic;
				CURRENT_PROJECT_VERSION = 1;
				GENERATE_INFOPLIST_FILE = YES;
				INFOPLIST_FILE = "Yandex ToDo LIst/Resourses/Info.plist";
				INFOPLIST_KEY_UIApplicationSupportsIndirectInputEvents = YES;
				INFOPLIST_KEY_UILaunchStoryboardName = LaunchScreen;
				INFOPLIST_KEY_UISupportedInterfaceOrientations_iPad = "UIInterfaceOrientationPortrait UIInterfaceOrientationPortraitUpsideDown UIInterfaceOrientationLandscapeLeft UIInterfaceOrientationLandscapeRight";
				INFOPLIST_KEY_UISupportedInterfaceOrientations_iPhone = "UIInterfaceOrientationPortrait UIInterfaceOrientationLandscapeLeft UIInterfaceOrientationLandscapeRight";
				LD_RUNPATH_SEARCH_PATHS = (
					"$(inherited)",
					"@executable_path/Frameworks",
				);
				MARKETING_VERSION = 1.0;
				PRODUCT_BUNDLE_IDENTIFIER = "com.example.Yandex-ToDo-LIst";
				PRODUCT_NAME = "$(TARGET_NAME)";
				SWIFT_EMIT_LOC_STRINGS = YES;
				SWIFT_OPTIMIZATION_LEVEL = "-O";
				SWIFT_VERSION = 5.0;
				TARGETED_DEVICE_FAMILY = "1,2";
			};
			name = Release;
		};
/* End XCBuildConfiguration section */

/* Begin XCConfigurationList section */
		848082AC2AB630FA004239AE /* Build configuration list for PBXProject "Yandex ToDo LIst" */ = {
			isa = XCConfigurationList;
			buildConfigurations = (
				848082C32AB63101004239AE /* Debug */,
				848082C42AB63101004239AE /* Release */,
			);
			defaultConfigurationIsVisible = 0;
			defaultConfigurationName = Release;
		};
		848082C52AB63101004239AE /* Build configuration list for PBXNativeTarget "Yandex ToDo LIst" */ = {
			isa = XCConfigurationList;
			buildConfigurations = (
				848082C62AB63101004239AE /* Debug */,
				848082C72AB63101004239AE /* Release */,
			);
			defaultConfigurationIsVisible = 0;
			defaultConfigurationName = Release;
		};
/* End XCConfigurationList section */
	};
	rootObject = 848082A92AB630FA004239AE /* Project object */;
}
